
Microsoft Visual Studio Solution File, Format Version 12.00
# Visual Studio Version 17
VisualStudioVersion = 17.3.32922.545
MinimumVisualStudioVersion = 10.0.40219.1
Project("{FAE04EC0-301F-11D3-BF4B-00C04F79EFBC}") = "TStealer", "TStealer\TStealer.csproj", "{04F35265-108E-4830-8FA7-D0529C080A30}"
EndProject
Global
	GlobalSection(SolutionConfigurationPlatforms) = preSolution
		Debug|Any CPU = Debug|Any CPU
		Release|Any CPU = Release|Any CPU
	EndGlobalSection
	GlobalSection(ProjectConfigurationPlatforms) = postSolution
		{04F35265-108E-4830-8FA7-D0529C080A30}.Debug|Any CPU.ActiveCfg = Debug|Any CPU
		{04F35265-108E-4830-8FA7-D0529C080A30}.Debug|Any CPU.Build.0 = Debug|Any CPU
		{04F35265-108E-4830-8FA7-D0529C080A30}.Release|Any CPU.ActiveCfg = Release|Any CPU
		{04F35265-108E-4830-8FA7-D0529C080A30}.Release|Any CPU.Build.0 = Release|Any CPU
	EndGlobalSection
	GlobalSection(SolutionProperties) = preSolution
		HideSolutionNode = FALSE
	EndGlobalSection
	GlobalSection(ExtensibilityGlobals) = postSolution
		SolutionGuid = {EC879E97-3DB9-4BE4-BA6D-D98D2CF83615}
	EndGlobalSection
EndGlobal
