
Microsoft Visual Studio Solution File, Format Version 12.00
# Visual Studio Version 17
VisualStudioVersion = 17.3.32922.545
MinimumVisualStudioVersion = 10.0.40219.1
Project("{FAE04EC0-301F-11D3-BF4B-00C04F79EFBC}") = "PersonInfo", "TDefine an Interface IPerson\PersonInfo.csproj", "{0060C61F-F896-4F10-B7FA-CF7EC7860241}"
EndProject
Project("{FAE04EC0-301F-11D3-BF4B-00C04F79EFBC}") = "Telephony", "Telephony\Telephony.csproj", "{F1FF9FD8-353E-40AB-BB9F-11B6AF061F84}"
EndProject
Project("{FAE04EC0-301F-11D3-BF4B-00C04F79EFBC}") = "BorderControl", "BorderControl\BorderControl.csproj", "{1058F411-301A-4531-9F28-B909538B77D0}"
EndProject
Project("{FAE04EC0-301F-11D3-BF4B-00C04F79EFBC}") = "FoodShortage", "FoodShortage\FoodShortage.csproj", "{6B63E443-4358-4249-8131-34EE0BD7FAF5}"
EndProject
Global
	GlobalSection(SolutionConfigurationPlatforms) = preSolution
		Debug|Any CPU = Debug|Any CPU
		Release|Any CPU = Release|Any CPU
	EndGlobalSection
	GlobalSection(ProjectConfigurationPlatforms) = postSolution
		{0060C61F-F896-4F10-B7FA-CF7EC7860241}.Debug|Any CPU.ActiveCfg = Debug|Any CPU
		{0060C61F-F896-4F10-B7FA-CF7EC7860241}.Debug|Any CPU.Build.0 = Debug|Any CPU
		{0060C61F-F896-4F10-B7FA-CF7EC7860241}.Release|Any CPU.ActiveCfg = Release|Any CPU
		{0060C61F-F896-4F10-B7FA-CF7EC7860241}.Release|Any CPU.Build.0 = Release|Any CPU
		{F1FF9FD8-353E-40AB-BB9F-11B6AF061F84}.Debug|Any CPU.ActiveCfg = Debug|Any CPU
		{F1FF9FD8-353E-40AB-BB9F-11B6AF061F84}.Debug|Any CPU.Build.0 = Debug|Any CPU
		{F1FF9FD8-353E-40AB-BB9F-11B6AF061F84}.Release|Any CPU.ActiveCfg = Release|Any CPU
		{F1FF9FD8-353E-40AB-BB9F-11B6AF061F84}.Release|Any CPU.Build.0 = Release|Any CPU
		{1058F411-301A-4531-9F28-B909538B77D0}.Debug|Any CPU.ActiveCfg = Debug|Any CPU
		{1058F411-301A-4531-9F28-B909538B77D0}.Debug|Any CPU.Build.0 = Debug|Any CPU
		{1058F411-301A-4531-9F28-B909538B77D0}.Release|Any CPU.ActiveCfg = Release|Any CPU
		{1058F411-301A-4531-9F28-B909538B77D0}.Release|Any CPU.Build.0 = Release|Any CPU
		{6B63E443-4358-4249-8131-34EE0BD7FAF5}.Debug|Any CPU.ActiveCfg = Debug|Any CPU
		{6B63E443-4358-4249-8131-34EE0BD7FAF5}.Debug|Any CPU.Build.0 = Debug|Any CPU
		{6B63E443-4358-4249-8131-34EE0BD7FAF5}.Release|Any CPU.ActiveCfg = Release|Any CPU
		{6B63E443-4358-4249-8131-34EE0BD7FAF5}.Release|Any CPU.Build.0 = Release|Any CPU
	EndGlobalSection
	GlobalSection(SolutionProperties) = preSolution
		HideSolutionNode = FALSE
	EndGlobalSection
	GlobalSection(ExtensibilityGlobals) = postSolution
		SolutionGuid = {2CCA6140-F601-4668-8AE3-E5DCD516D6B2}
	EndGlobalSection
EndGlobal
